{
  "pins" : [
    {
      "identity" : "httptype",
      "kind" : "remoteSourceControl",
      "location" : "https://github.com/coollazy/HTTPType.git",
      "state" : {
        "revision" : "aea5c86a6be14023ac766e30a3d18a44da320caf",
        "version" : "1.0.3"
      }
    }
  ],
  "version" : 2
}
