{
  "pins" : [
    {
      "identity" : "httptype",
      "kind" : "remoteSourceControl",
      "location" : "https://github.com/coollazy/HTTPType.git",
      "state" : {
        "revision" : "dbdd9cee42ee2754c086e00b948065f707a78402",
        "version" : "1.0.2"
      }
    }
  ],
  "version" : 2
}
